
Microsoft Visual Studio Solution File, Format Version 12.00
# Visual Studio 2012
Project("{FAE04EC0-301F-11D3-BF4B-00C04F79EFBC}") = "MVC_DMS", "MVC_DMS\MVC_DMS.csproj", "{0293E291-5883-44EB-B6F8-C74B1CA52801}"
EndProject
Global
	GlobalSection(SolutionConfigurationPlatforms) = preSolution
		Debug|Any CPU = Debug|Any CPU
		Release|Any CPU = Release|Any CPU
	EndGlobalSection
	GlobalSection(ProjectConfigurationPlatforms) = postSolution
		{0293E291-5883-44EB-B6F8-C74B1CA52801}.Debug|Any CPU.ActiveCfg = Debug|Any CPU
		{0293E291-5883-44EB-B6F8-C74B1CA52801}.Debug|Any CPU.Build.0 = Debug|Any CPU
		{0293E291-5883-44EB-B6F8-C74B1CA52801}.Release|Any CPU.ActiveCfg = Release|Any CPU
		{0293E291-5883-44EB-B6F8-C74B1CA52801}.Release|Any CPU.Build.0 = Release|Any CPU
	EndGlobalSection
EndGlobal
